// !$*UTF8*$!
{
	archiveVersion = 1;
	classes = {
	};
	objectVersion = 56;
	objects = {

/* Begin PBXBuildFile section */
		F412F9852AF1386000689EE3 /* LayoutViewController.swift in Sources */ = {isa = PBXBuildFile; fileRef = F412F9832AF1386000689EE3 /* LayoutViewController.swift */; };
		F412F9862AF1386000689EE3 /* LayoutViewController.xib in Resources */ = {isa = PBXBuildFile; fileRef = F412F9842AF1386000689EE3 /* LayoutViewController.xib */; };
		F45FDF482AF1DF2F00AF9CD3 /* CustomImage.swift in Sources */ = {isa = PBXBuildFile; fileRef = F45FDF472AF1DF2F00AF9CD3 /* CustomImage.swift */; };
		F45FDF4B2AF1E69800AF9CD3 /* UIColor+Extensions.swift in Sources */ = {isa = PBXBuildFile; fileRef = F45FDF4A2AF1E69800AF9CD3 /* UIColor+Extensions.swift */; };
		F46B2F052AEF80B700547400 /* BaseViewController.swift in Sources */ = {isa = PBXBuildFile; fileRef = F46B2F042AEF80B700547400 /* BaseViewController.swift */; };
		F46B2F082AEF965E00547400 /* CustomTextField.swift in Sources */ = {isa = PBXBuildFile; fileRef = F46B2F072AEF965E00547400 /* CustomTextField.swift */; };
		F47F6EC72AEB8A7C000450B6 /* AppDelegate.swift in Sources */ = {isa = PBXBuildFile; fileRef = F47F6EC62AEB8A7C000450B6 /* AppDelegate.swift */; };
		F47F6EC92AEB8A7C000450B6 /* SceneDelegate.swift in Sources */ = {isa = PBXBuildFile; fileRef = F47F6EC82AEB8A7C000450B6 /* SceneDelegate.swift */; };
		F47F6ED02AEB8A7E000450B6 /* Assets.xcassets in Resources */ = {isa = PBXBuildFile; fileRef = F47F6ECF2AEB8A7E000450B6 /* Assets.xcassets */; };
		F47F6ED32AEB8A7E000450B6 /* LaunchScreen.storyboard in Resources */ = {isa = PBXBuildFile; fileRef = F47F6ED12AEB8A7E000450B6 /* LaunchScreen.storyboard */; };
		F47F6EDE2AEB8B4B000450B6 /* MenuViewController.swift in Sources */ = {isa = PBXBuildFile; fileRef = F47F6EDC2AEB8B4B000450B6 /* MenuViewController.swift */; };
		F47F6EDF2AEB8B4B000450B6 /* MenuViewController.xib in Resources */ = {isa = PBXBuildFile; fileRef = F47F6EDD2AEB8B4B000450B6 /* MenuViewController.xib */; };
		F47F6EE22AEB8EFC000450B6 /* CustomButton.swift in Sources */ = {isa = PBXBuildFile; fileRef = F47F6EE12AEB8EFC000450B6 /* CustomButton.swift */; };
		F47F6EE62AEB9383000450B6 /* TextViewController.swift in Sources */ = {isa = PBXBuildFile; fileRef = F47F6EE42AEB9382000450B6 /* TextViewController.swift */; };
		F47F6EE72AEB9383000450B6 /* TextViewController.xib in Resources */ = {isa = PBXBuildFile; fileRef = F47F6EE52AEB9382000450B6 /* TextViewController.xib */; };
		F47F6EEA2AEB967B000450B6 /* InputViewController.swift in Sources */ = {isa = PBXBuildFile; fileRef = F47F6EE82AEB967B000450B6 /* InputViewController.swift */; };
		F47F6EEB2AEB967B000450B6 /* InputViewController.xib in Resources */ = {isa = PBXBuildFile; fileRef = F47F6EE92AEB967B000450B6 /* InputViewController.xib */; };
		F47F6EF02AEB9798000450B6 /* ButtonViewController.swift in Sources */ = {isa = PBXBuildFile; fileRef = F47F6EEE2AEB9798000450B6 /* ButtonViewController.swift */; };
		F47F6EF12AEB9798000450B6 /* ButtonViewController.xib in Resources */ = {isa = PBXBuildFile; fileRef = F47F6EEF2AEB9798000450B6 /* ButtonViewController.xib */; };
		F4861D772AED039E00D25F15 /* CustomView.swift in Sources */ = {isa = PBXBuildFile; fileRef = F4861D762AED039E00D25F15 /* CustomView.swift */; };
		F4C0BDF22AF2891700BCBAB7 /* GameViewController.swift in Sources */ = {isa = PBXBuildFile; fileRef = F4C0BDF02AF2891700BCBAB7 /* GameViewController.swift */; };
		F4C0BDF32AF2891700BCBAB7 /* GameViewController.xib in Resources */ = {isa = PBXBuildFile; fileRef = F4C0BDF12AF2891700BCBAB7 /* GameViewController.xib */; };
/* End PBXBuildFile section */

/* Begin PBXFileReference section */
		F412F9832AF1386000689EE3 /* LayoutViewController.swift */ = {isa = PBXFileReference; lastKnownFileType = sourcecode.swift; path = LayoutViewController.swift; sourceTree = "<group>"; };
		F412F9842AF1386000689EE3 /* LayoutViewController.xib */ = {isa = PBXFileReference; lastKnownFileType = file.xib; path = LayoutViewController.xib; sourceTree = "<group>"; };
		F45FDF472AF1DF2F00AF9CD3 /* CustomImage.swift */ = {isa = PBXFileReference; lastKnownFileType = sourcecode.swift; path = CustomImage.swift; sourceTree = "<group>"; };
		F45FDF4A2AF1E69800AF9CD3 /* UIColor+Extensions.swift */ = {isa = PBXFileReference; lastKnownFileType = sourcecode.swift; path = "UIColor+Extensions.swift"; sourceTree = "<group>"; };
		F46B2F042AEF80B700547400 /* BaseViewController.swift */ = {isa = PBXFileReference; lastKnownFileType = sourcecode.swift; path = BaseViewController.swift; sourceTree = "<group>"; };
		F46B2F072AEF965E00547400 /* CustomTextField.swift */ = {isa = PBXFileReference; lastKnownFileType = sourcecode.swift; path = CustomTextField.swift; sourceTree = "<group>"; };
		F47F6EC32AEB8A7C000450B6 /* BaiTap1.app */ = {isa = PBXFileReference; explicitFileType = wrapper.application; includeInIndex = 0; path = BaiTap1.app; sourceTree = BUILT_PRODUCTS_DIR; };
		F47F6EC62AEB8A7C000450B6 /* AppDelegate.swift */ = {isa = PBXFileReference; lastKnownFileType = sourcecode.swift; path = AppDelegate.swift; sourceTree = "<group>"; };
		F47F6EC82AEB8A7C000450B6 /* SceneDelegate.swift */ = {isa = PBXFileReference; lastKnownFileType = sourcecode.swift; path = SceneDelegate.swift; sourceTree = "<group>"; };
		F47F6ECF2AEB8A7E000450B6 /* Assets.xcassets */ = {isa = PBXFileReference; lastKnownFileType = folder.assetcatalog; path = Assets.xcassets; sourceTree = "<group>"; };
		F47F6ED22AEB8A7E000450B6 /* Base */ = {isa = PBXFileReference; lastKnownFileType = file.storyboard; name = Base; path = Base.lproj/LaunchScreen.storyboard; sourceTree = "<group>"; };
		F47F6ED42AEB8A7E000450B6 /* Info.plist */ = {isa = PBXFileReference; lastKnownFileType = text.plist.xml; path = Info.plist; sourceTree = "<group>"; };
		F47F6EDC2AEB8B4B000450B6 /* MenuViewController.swift */ = {isa = PBXFileReference; lastKnownFileType = sourcecode.swift; path = MenuViewController.swift; sourceTree = "<group>"; };
		F47F6EDD2AEB8B4B000450B6 /* MenuViewController.xib */ = {isa = PBXFileReference; lastKnownFileType = file.xib; path = MenuViewController.xib; sourceTree = "<group>"; };
		F47F6EE12AEB8EFC000450B6 /* CustomButton.swift */ = {isa = PBXFileReference; lastKnownFileType = sourcecode.swift; path = CustomButton.swift; sourceTree = "<group>"; };
		F47F6EE42AEB9382000450B6 /* TextViewController.swift */ = {isa = PBXFileReference; lastKnownFileType = sourcecode.swift; path = TextViewController.swift; sourceTree = "<group>"; };
		F47F6EE52AEB9382000450B6 /* TextViewController.xib */ = {isa = PBXFileReference; lastKnownFileType = file.xib; path = TextViewController.xib; sourceTree = "<group>"; };
		F47F6EE82AEB967B000450B6 /* InputViewController.swift */ = {isa = PBXFileReference; lastKnownFileType = sourcecode.swift; path = InputViewController.swift; sourceTree = "<group>"; };
		F47F6EE92AEB967B000450B6 /* InputViewController.xib */ = {isa = PBXFileReference; lastKnownFileType = file.xib; path = InputViewController.xib; sourceTree = "<group>"; };
		F47F6EEE2AEB9798000450B6 /* ButtonViewController.swift */ = {isa = PBXFileReference; lastKnownFileType = sourcecode.swift; path = ButtonViewController.swift; sourceTree = "<group>"; };
		F47F6EEF2AEB9798000450B6 /* ButtonViewController.xib */ = {isa = PBXFileReference; lastKnownFileType = file.xib; path = ButtonViewController.xib; sourceTree = "<group>"; };
		F4861D762AED039E00D25F15 /* CustomView.swift */ = {isa = PBXFileReference; lastKnownFileType = sourcecode.swift; path = CustomView.swift; sourceTree = "<group>"; };
		F4C0BDF02AF2891700BCBAB7 /* GameViewController.swift */ = {isa = PBXFileReference; lastKnownFileType = sourcecode.swift; path = GameViewController.swift; sourceTree = "<group>"; };
		F4C0BDF12AF2891700BCBAB7 /* GameViewController.xib */ = {isa = PBXFileReference; lastKnownFileType = file.xib; path = GameViewController.xib; sourceTree = "<group>"; };
/* End PBXFileReference section */

/* Begin PBXFrameworksBuildPhase section */
		F47F6EC02AEB8A7C000450B6 /* Frameworks */ = {
			isa = PBXFrameworksBuildPhase;
			buildActionMask = 2147483647;
			files = (
			);
			runOnlyForDeploymentPostprocessing = 0;
		};
/* End PBXFrameworksBuildPhase section */

/* Begin PBXGroup section */
		F412F9822AF1384200689EE3 /* Layout */ = {
			isa = PBXGroup;
			children = (
				F412F9832AF1386000689EE3 /* LayoutViewController.swift */,
				F412F9842AF1386000689EE3 /* LayoutViewController.xib */,
			);
			path = Layout;
			sourceTree = "<group>";
		};
		F45FDF492AF1E68600AF9CD3 /* Extensions */ = {
			isa = PBXGroup;
			children = (
				F45FDF4A2AF1E69800AF9CD3 /* UIColor+Extensions.swift */,
			);
			path = Extensions;
			sourceTree = "<group>";
		};
		F47F6EBA2AEB8A7C000450B6 = {
			isa = PBXGroup;
			children = (
				F47F6EC52AEB8A7C000450B6 /* BaiTap1 */,
				F47F6EC42AEB8A7C000450B6 /* Products */,
			);
			sourceTree = "<group>";
		};
		F47F6EC42AEB8A7C000450B6 /* Products */ = {
			isa = PBXGroup;
			children = (
				F47F6EC32AEB8A7C000450B6 /* BaiTap1.app */,
			);
			name = Products;
			sourceTree = "<group>";
		};
		F47F6EC52AEB8A7C000450B6 /* BaiTap1 */ = {
			isa = PBXGroup;
			children = (
				F45FDF492AF1E68600AF9CD3 /* Extensions */,
				F47F6EF22AEB9BBE000450B6 /* Base */,
				F47F6EDA2AEB8AEB000450B6 /* Resources */,
				F47F6EDB2AEB8AF6000450B6 /* Controllers */,
				F47F6ED12AEB8A7E000450B6 /* LaunchScreen.storyboard */,
				F47F6ED42AEB8A7E000450B6 /* Info.plist */,
			);
			path = BaiTap1;
			sourceTree = "<group>";
		};
		F47F6EDA2AEB8AEB000450B6 /* Resources */ = {
			isa = PBXGroup;
			children = (
				F47F6EC62AEB8A7C000450B6 /* AppDelegate.swift */,
				F47F6EC82AEB8A7C000450B6 /* SceneDelegate.swift */,
				F47F6ECF2AEB8A7E000450B6 /* Assets.xcassets */,
			);
			path = Resources;
			sourceTree = "<group>";
		};
		F47F6EDB2AEB8AF6000450B6 /* Controllers */ = {
			isa = PBXGroup;
			children = (
				F47F6EE02AEB8B55000450B6 /* Menu */,
				F47F6EE32AEB936D000450B6 /* TextView */,
				F47F6EEC2AEB9680000450B6 /* InputView */,
				F47F6EED2AEB9764000450B6 /* ButtonView */,
				F412F9822AF1384200689EE3 /* Layout */,
				F4C0BDEF2AF288FB00BCBAB7 /* Game */,
			);
			path = Controllers;
			sourceTree = "<group>";
		};
		F47F6EE02AEB8B55000450B6 /* Menu */ = {
			isa = PBXGroup;
			children = (
				F47F6EDC2AEB8B4B000450B6 /* MenuViewController.swift */,
				F47F6EDD2AEB8B4B000450B6 /* MenuViewController.xib */,
			);
			path = Menu;
			sourceTree = "<group>";
		};
		F47F6EE32AEB936D000450B6 /* TextView */ = {
			isa = PBXGroup;
			children = (
				F47F6EE42AEB9382000450B6 /* TextViewController.swift */,
				F47F6EE52AEB9382000450B6 /* TextViewController.xib */,
			);
			path = TextView;
			sourceTree = "<group>";
		};
		F47F6EEC2AEB9680000450B6 /* InputView */ = {
			isa = PBXGroup;
			children = (
				F47F6EE82AEB967B000450B6 /* InputViewController.swift */,
				F47F6EE92AEB967B000450B6 /* InputViewController.xib */,
			);
			path = InputView;
			sourceTree = "<group>";
		};
		F47F6EED2AEB9764000450B6 /* ButtonView */ = {
			isa = PBXGroup;
			children = (
				F47F6EEE2AEB9798000450B6 /* ButtonViewController.swift */,
				F47F6EEF2AEB9798000450B6 /* ButtonViewController.xib */,
			);
			path = ButtonView;
			sourceTree = "<group>";
		};
		F47F6EF22AEB9BBE000450B6 /* Base */ = {
			isa = PBXGroup;
			children = (
				F46B2F042AEF80B700547400 /* BaseViewController.swift */,
				F47F6EE12AEB8EFC000450B6 /* CustomButton.swift */,
				F4861D762AED039E00D25F15 /* CustomView.swift */,
				F46B2F072AEF965E00547400 /* CustomTextField.swift */,
				F45FDF472AF1DF2F00AF9CD3 /* CustomImage.swift */,
			);
			path = Base;
			sourceTree = "<group>";
		};
		F4C0BDEF2AF288FB00BCBAB7 /* Game */ = {
			isa = PBXGroup;
			children = (
				F4C0BDF02AF2891700BCBAB7 /* GameViewController.swift */,
				F4C0BDF12AF2891700BCBAB7 /* GameViewController.xib */,
			);
			path = Game;
			sourceTree = "<group>";
		};
/* End PBXGroup section */

/* Begin PBXNativeTarget section */
		F47F6EC22AEB8A7C000450B6 /* BaiTap1 */ = {
			isa = PBXNativeTarget;
			buildConfigurationList = F47F6ED72AEB8A7E000450B6 /* Build configuration list for PBXNativeTarget "BaiTap1" */;
			buildPhases = (
				F47F6EBF2AEB8A7C000450B6 /* Sources */,
				F47F6EC02AEB8A7C000450B6 /* Frameworks */,
				F47F6EC12AEB8A7C000450B6 /* Resources */,
			);
			buildRules = (
			);
			dependencies = (
			);
			name = BaiTap1;
			productName = BaiTap1;
			productReference = F47F6EC32AEB8A7C000450B6 /* BaiTap1.app */;
			productType = "com.apple.product-type.application";
		};
/* End PBXNativeTarget section */

/* Begin PBXProject section */
		F47F6EBB2AEB8A7C000450B6 /* Project object */ = {
			isa = PBXProject;
			attributes = {
				BuildIndependentTargetsInParallel = 1;
				LastSwiftUpdateCheck = 1420;
				LastUpgradeCheck = 1420;
				TargetAttributes = {
					F47F6EC22AEB8A7C000450B6 = {
						CreatedOnToolsVersion = 14.2;
					};
				};
			};
			buildConfigurationList = F47F6EBE2AEB8A7C000450B6 /* Build configuration list for PBXProject "BaiTap1" */;
			compatibilityVersion = "Xcode 14.0";
			developmentRegion = en;
			hasScannedForEncodings = 0;
			knownRegions = (
				en,
				Base,
			);
			mainGroup = F47F6EBA2AEB8A7C000450B6;
			productRefGroup = F47F6EC42AEB8A7C000450B6 /* Products */;
			projectDirPath = "";
			projectRoot = "";
			targets = (
				F47F6EC22AEB8A7C000450B6 /* BaiTap1 */,
			);
		};
/* End PBXProject section */

/* Begin PBXResourcesBuildPhase section */
		F47F6EC12AEB8A7C000450B6 /* Resources */ = {
			isa = PBXResourcesBuildPhase;
			buildActionMask = 2147483647;
			files = (
				F4C0BDF32AF2891700BCBAB7 /* GameViewController.xib in Resources */,
				F47F6EF12AEB9798000450B6 /* ButtonViewController.xib in Resources */,
				F47F6ED32AEB8A7E000450B6 /* LaunchScreen.storyboard in Resources */,
				F47F6ED02AEB8A7E000450B6 /* Assets.xcassets in Resources */,
				F47F6EDF2AEB8B4B000450B6 /* MenuViewController.xib in Resources */,
				F47F6EE72AEB9383000450B6 /* TextViewController.xib in Resources */,
				F412F9862AF1386000689EE3 /* LayoutViewController.xib in Resources */,
				F47F6EEB2AEB967B000450B6 /* InputViewController.xib in Resources */,
			);
			runOnlyForDeploymentPostprocessing = 0;
		};
/* End PBXResourcesBuildPhase section */

/* Begin PBXSourcesBuildPhase section */
		F47F6EBF2AEB8A7C000450B6 /* Sources */ = {
			isa = PBXSourcesBuildPhase;
			buildActionMask = 2147483647;
			files = (
				F4C0BDF22AF2891700BCBAB7 /* GameViewController.swift in Sources */,
				F47F6EE62AEB9383000450B6 /* TextViewController.swift in Sources */,
				F47F6EF02AEB9798000450B6 /* ButtonViewController.swift in Sources */,
				F45FDF482AF1DF2F00AF9CD3 /* CustomImage.swift in Sources */,
				F45FDF4B2AF1E69800AF9CD3 /* UIColor+Extensions.swift in Sources */,
				F47F6EC72AEB8A7C000450B6 /* AppDelegate.swift in Sources */,
				F47F6EC92AEB8A7C000450B6 /* SceneDelegate.swift in Sources */,
				F47F6EEA2AEB967B000450B6 /* InputViewController.swift in Sources */,
				F46B2F052AEF80B700547400 /* BaseViewController.swift in Sources */,
				F47F6EE22AEB8EFC000450B6 /* CustomButton.swift in Sources */,
				F47F6EDE2AEB8B4B000450B6 /* MenuViewController.swift in Sources */,
				F46B2F082AEF965E00547400 /* CustomTextField.swift in Sources */,
				F4861D772AED039E00D25F15 /* CustomView.swift in Sources */,
				F412F9852AF1386000689EE3 /* LayoutViewController.swift in Sources */,
			);
			runOnlyForDeploymentPostprocessing = 0;
		};
/* End PBXSourcesBuildPhase section */

/* Begin PBXVariantGroup section */
		F47F6ED12AEB8A7E000450B6 /* LaunchScreen.storyboard */ = {
			isa = PBXVariantGroup;
			children = (
				F47F6ED22AEB8A7E000450B6 /* Base */,
			);
			name = LaunchScreen.storyboard;
			sourceTree = "<group>";
		};
/* End PBXVariantGroup section */

/* Begin XCBuildConfiguration section */
		F47F6ED52AEB8A7E000450B6 /* Debug */ = {
			isa = XCBuildConfiguration;
			buildSettings = {
				ALWAYS_SEARCH_USER_PATHS = NO;
				CLANG_ANALYZER_NONNULL = YES;
				CLANG_ANALYZER_NUMBER_OBJECT_CONVERSION = YES_AGGRESSIVE;
				CLANG_CXX_LANGUAGE_STANDARD = "gnu++20";
				CLANG_ENABLE_MODULES = YES;
				CLANG_ENABLE_OBJC_ARC = YES;
				CLANG_ENABLE_OBJC_WEAK = YES;
				CLANG_WARN_BLOCK_CAPTURE_AUTORELEASING = YES;
				CLANG_WARN_BOOL_CONVERSION = YES;
				CLANG_WARN_COMMA = YES;
				CLANG_WARN_CONSTANT_CONVERSION = YES;
				CLANG_WARN_DEPRECATED_OBJC_IMPLEMENTATIONS = YES;
				CLANG_WARN_DIRECT_OBJC_ISA_USAGE = YES_ERROR;
				CLANG_WARN_DOCUMENTATION_COMMENTS = YES;
				CLANG_WARN_EMPTY_BODY = YES;
				CLANG_WARN_ENUM_CONVERSION = YES;
				CLANG_WARN_INFINITE_RECURSION = YES;
				CLANG_WARN_INT_CONVERSION = YES;
				CLANG_WARN_NON_LITERAL_NULL_CONVERSION = YES;
				CLANG_WARN_OBJC_IMPLICIT_RETAIN_SELF = YES;
				CLANG_WARN_OBJC_LITERAL_CONVERSION = YES;
				CLANG_WARN_OBJC_ROOT_CLASS = YES_ERROR;
				CLANG_WARN_QUOTED_INCLUDE_IN_FRAMEWORK_HEADER = YES;
				CLANG_WARN_RANGE_LOOP_ANALYSIS = YES;
				CLANG_WARN_STRICT_PROTOTYPES = YES;
				CLANG_WARN_SUSPICIOUS_MOVE = YES;
				CLANG_WARN_UNGUARDED_AVAILABILITY = YES_AGGRESSIVE;
				CLANG_WARN_UNREACHABLE_CODE = YES;
				CLANG_WARN__DUPLICATE_METHOD_MATCH = YES;
				COPY_PHASE_STRIP = NO;
				DEBUG_INFORMATION_FORMAT = dwarf;
				ENABLE_STRICT_OBJC_MSGSEND = YES;
				ENABLE_TESTABILITY = YES;
				GCC_C_LANGUAGE_STANDARD = gnu11;
				GCC_DYNAMIC_NO_PIC = NO;
				GCC_NO_COMMON_BLOCKS = YES;
				GCC_OPTIMIZATION_LEVEL = 0;
				GCC_PREPROCESSOR_DEFINITIONS = (
					"DEBUG=1",
					"$(inherited)",
				);
				GCC_WARN_64_TO_32_BIT_CONVERSION = YES;
				GCC_WARN_ABOUT_RETURN_TYPE = YES_ERROR;
				GCC_WARN_UNDECLARED_SELECTOR = YES;
				GCC_WARN_UNINITIALIZED_AUTOS = YES_AGGRESSIVE;
				GCC_WARN_UNUSED_FUNCTION = YES;
				GCC_WARN_UNUSED_VARIABLE = YES;
				IPHONEOS_DEPLOYMENT_TARGET = 16.2;
				MTL_ENABLE_DEBUG_INFO = INCLUDE_SOURCE;
				MTL_FAST_MATH = YES;
				ONLY_ACTIVE_ARCH = YES;
				SDKROOT = iphoneos;
				SWIFT_ACTIVE_COMPILATION_CONDITIONS = DEBUG;
				SWIFT_OPTIMIZATION_LEVEL = "-Onone";
			};
			name = Debug;
		};
		F47F6ED62AEB8A7E000450B6 /* Release */ = {
			isa = XCBuildConfiguration;
			buildSettings = {
				ALWAYS_SEARCH_USER_PATHS = NO;
				CLANG_ANALYZER_NONNULL = YES;
				CLANG_ANALYZER_NUMBER_OBJECT_CONVERSION = YES_AGGRESSIVE;
				CLANG_CXX_LANGUAGE_STANDARD = "gnu++20";
				CLANG_ENABLE_MODULES = YES;
				CLANG_ENABLE_OBJC_ARC = YES;
				CLANG_ENABLE_OBJC_WEAK = YES;
				CLANG_WARN_BLOCK_CAPTURE_AUTORELEASING = YES;
				CLANG_WARN_BOOL_CONVERSION = YES;
				CLANG_WARN_COMMA = YES;
				CLANG_WARN_CONSTANT_CONVERSION = YES;
				CLANG_WARN_DEPRECATED_OBJC_IMPLEMENTATIONS = YES;
				CLANG_WARN_DIRECT_OBJC_ISA_USAGE = YES_ERROR;
				CLANG_WARN_DOCUMENTATION_COMMENTS = YES;
				CLANG_WARN_EMPTY_BODY = YES;
				CLANG_WARN_ENUM_CONVERSION = YES;
				CLANG_WARN_INFINITE_RECURSION = YES;
				CLANG_WARN_INT_CONVERSION = YES;
				CLANG_WARN_NON_LITERAL_NULL_CONVERSION = YES;
				CLANG_WARN_OBJC_IMPLICIT_RETAIN_SELF = YES;
				CLANG_WARN_OBJC_LITERAL_CONVERSION = YES;
				CLANG_WARN_OBJC_ROOT_CLASS = YES_ERROR;
				CLANG_WARN_QUOTED_INCLUDE_IN_FRAMEWORK_HEADER = YES;
				CLANG_WARN_RANGE_LOOP_ANALYSIS = YES;
				CLANG_WARN_STRICT_PROTOTYPES = YES;
				CLANG_WARN_SUSPICIOUS_MOVE = YES;
				CLANG_WARN_UNGUARDED_AVAILABILITY = YES_AGGRESSIVE;
				CLANG_WARN_UNREACHABLE_CODE = YES;
				CLANG_WARN__DUPLICATE_METHOD_MATCH = YES;
				COPY_PHASE_STRIP = NO;
				DEBUG_INFORMATION_FORMAT = "dwarf-with-dsym";
				ENABLE_NS_ASSERTIONS = NO;
				ENABLE_STRICT_OBJC_MSGSEND = YES;
				GCC_C_LANGUAGE_STANDARD = gnu11;
				GCC_NO_COMMON_BLOCKS = YES;
				GCC_WARN_64_TO_32_BIT_CONVERSION = YES;
				GCC_WARN_ABOUT_RETURN_TYPE = YES_ERROR;
				GCC_WARN_UNDECLARED_SELECTOR = YES;
				GCC_WARN_UNINITIALIZED_AUTOS = YES_AGGRESSIVE;
				GCC_WARN_UNUSED_FUNCTION = YES;
				GCC_WARN_UNUSED_VARIABLE = YES;
				IPHONEOS_DEPLOYMENT_TARGET = 16.2;
				MTL_ENABLE_DEBUG_INFO = NO;
				MTL_FAST_MATH = YES;
				SDKROOT = iphoneos;
				SWIFT_COMPILATION_MODE = wholemodule;
				SWIFT_OPTIMIZATION_LEVEL = "-O";
				VALIDATE_PRODUCT = YES;
			};
			name = Release;
		};
		F47F6ED82AEB8A7E000450B6 /* Debug */ = {
			isa = XCBuildConfiguration;
			buildSettings = {
				ASSETCATALOG_COMPILER_APPICON_NAME = AppIcon;
				ASSETCATALOG_COMPILER_GLOBAL_ACCENT_COLOR_NAME = AccentColor;
				CODE_SIGN_STYLE = Automatic;
				CURRENT_PROJECT_VERSION = 1;
				GENERATE_INFOPLIST_FILE = YES;
				INFOPLIST_FILE = BaiTap1/Info.plist;
				INFOPLIST_KEY_UIApplicationSupportsIndirectInputEvents = YES;
				INFOPLIST_KEY_UILaunchStoryboardName = LaunchScreen;
				INFOPLIST_KEY_UISupportedInterfaceOrientations = "UIInterfaceOrientationLandscapeLeft UIInterfaceOrientationLandscapeRight UIInterfaceOrientationPortrait";
				INFOPLIST_KEY_UISupportedInterfaceOrientations_iPad = "UIInterfaceOrientationLandscapeLeft UIInterfaceOrientationLandscapeRight UIInterfaceOrientationPortrait UIInterfaceOrientationPortraitUpsideDown";
				IPHONEOS_DEPLOYMENT_TARGET = 13.0;
				LD_RUNPATH_SEARCH_PATHS = (
					"$(inherited)",
					"@executable_path/Frameworks",
				);
				MARKETING_VERSION = 1.0;
				PRODUCT_BUNDLE_IDENTIFIER = com.Katharos.BaiTap1;
				PRODUCT_NAME = "$(TARGET_NAME)";
				SUPPORTED_PLATFORMS = "iphoneos iphonesimulator";
				SUPPORTS_MACCATALYST = NO;
				SUPPORTS_MAC_DESIGNED_FOR_IPHONE_IPAD = NO;
				SWIFT_EMIT_LOC_STRINGS = YES;
				SWIFT_VERSION = 5.0;
				TARGETED_DEVICE_FAMILY = 1;
			};
			name = Debug;
		};
		F47F6ED92AEB8A7E000450B6 /* Release */ = {
			isa = XCBuildConfiguration;
			buildSettings = {
				ASSETCATALOG_COMPILER_APPICON_NAME = AppIcon;
				ASSETCATALOG_COMPILER_GLOBAL_ACCENT_COLOR_NAME = AccentColor;
				CODE_SIGN_STYLE = Automatic;
				CURRENT_PROJECT_VERSION = 1;
				GENERATE_INFOPLIST_FILE = YES;
				INFOPLIST_FILE = BaiTap1/Info.plist;
				INFOPLIST_KEY_UIApplicationSupportsIndirectInputEvents = YES;
				INFOPLIST_KEY_UILaunchStoryboardName = LaunchScreen;
				INFOPLIST_KEY_UISupportedInterfaceOrientations = "UIInterfaceOrientationLandscapeLeft UIInterfaceOrientationLandscapeRight UIInterfaceOrientationPortrait";
				INFOPLIST_KEY_UISupportedInterfaceOrientations_iPad = "UIInterfaceOrientationLandscapeLeft UIInterfaceOrientationLandscapeRight UIInterfaceOrientationPortrait UIInterfaceOrientationPortraitUpsideDown";
				IPHONEOS_DEPLOYMENT_TARGET = 13.0;
				LD_RUNPATH_SEARCH_PATHS = (
					"$(inherited)",
					"@executable_path/Frameworks",
				);
				MARKETING_VERSION = 1.0;
				PRODUCT_BUNDLE_IDENTIFIER = com.Katharos.BaiTap1;
				PRODUCT_NAME = "$(TARGET_NAME)";
				SUPPORTED_PLATFORMS = "iphoneos iphonesimulator";
				SUPPORTS_MACCATALYST = NO;
				SUPPORTS_MAC_DESIGNED_FOR_IPHONE_IPAD = NO;
				SWIFT_EMIT_LOC_STRINGS = YES;
				SWIFT_VERSION = 5.0;
				TARGETED_DEVICE_FAMILY = 1;
			};
			name = Release;
		};
/* End XCBuildConfiguration section */

/* Begin XCConfigurationList section */
		F47F6EBE2AEB8A7C000450B6 /* Build configuration list for PBXProject "BaiTap1" */ = {
			isa = XCConfigurationList;
			buildConfigurations = (
				F47F6ED52AEB8A7E000450B6 /* Debug */,
				F47F6ED62AEB8A7E000450B6 /* Release */,
			);
			defaultConfigurationIsVisible = 0;
			defaultConfigurationName = Release;
		};
		F47F6ED72AEB8A7E000450B6 /* Build configuration list for PBXNativeTarget "BaiTap1" */ = {
			isa = XCConfigurationList;
			buildConfigurations = (
				F47F6ED82AEB8A7E000450B6 /* Debug */,
				F47F6ED92AEB8A7E000450B6 /* Release */,
			);
			defaultConfigurationIsVisible = 0;
			defaultConfigurationName = Release;
		};
/* End XCConfigurationList section */
	};
	rootObject = F47F6EBB2AEB8A7C000450B6 /* Project object */;
}
